
Microsoft Visual Studio Solution File, Format Version 12.00
# Visual Studio Version 17
VisualStudioVersion = 17.5.33516.290
MinimumVisualStudioVersion = 10.0.40219.1
Project("{FAE04EC0-301F-11D3-BF4B-00C04F79EFBC}") = "ToDoQL", "ToDoQL\ToDoQL.csproj", "{B1B81180-BE7B-4067-B846-8E9EF03506EF}"
EndProject
Global
	GlobalSection(SolutionConfigurationPlatforms) = preSolution
		Debug|Any CPU = Debug|Any CPU
		Release|Any CPU = Release|Any CPU
	EndGlobalSection
	GlobalSection(ProjectConfigurationPlatforms) = postSolution
		{B1B81180-BE7B-4067-B846-8E9EF03506EF}.Debug|Any CPU.ActiveCfg = Debug|Any CPU
		{B1B81180-BE7B-4067-B846-8E9EF03506EF}.Debug|Any CPU.Build.0 = Debug|Any CPU
		{B1B81180-BE7B-4067-B846-8E9EF03506EF}.Release|Any CPU.ActiveCfg = Release|Any CPU
		{B1B81180-BE7B-4067-B846-8E9EF03506EF}.Release|Any CPU.Build.0 = Release|Any CPU
	EndGlobalSection
	GlobalSection(SolutionProperties) = preSolution
		HideSolutionNode = FALSE
	EndGlobalSection
	GlobalSection(ExtensibilityGlobals) = postSolution
		SolutionGuid = {533AC7F3-2EA1-46BA-B904-18FCB9B5AED5}
	EndGlobalSection
EndGlobal
